// !$*UTF8*$!
{
	archiveVersion = 1;
	classes = {
	};
	objectVersion = 46;
	objects = {

/* Begin PBXBuildFile section */
		FD24B0291F945C3200D80480 /* main.m in Sources */ = {isa = PBXBuildFile; fileRef = FD24B0281F945C3200D80480 /* main.m */; };
		FD24B02C1F945C3200D80480 /* AppDelegate.m in Sources */ = {isa = PBXBuildFile; fileRef = FD24B02B1F945C3200D80480 /* AppDelegate.m */; };
		FD24B02F1F945C3200D80480 /* ViewController.m in Sources */ = {isa = PBXBuildFile; fileRef = FD24B02E1F945C3200D80480 /* ViewController.m */; settings = {COMPILER_FLAGS = "-fno-objc-arc"; }; };
		FD24B0321F945C3200D80480 /* Main.storyboard in Resources */ = {isa = PBXBuildFile; fileRef = FD24B0301F945C3200D80480 /* Main.storyboard */; };
		FD24B0341F945C3200D80480 /* Assets.xcassets in Resources */ = {isa = PBXBuildFile; fileRef = FD24B0331F945C3200D80480 /* Assets.xcassets */; };
		FD24B0371F945C3200D80480 /* LaunchScreen.storyboard in Resources */ = {isa = PBXBuildFile; fileRef = FD24B0351F945C3200D80480 /* LaunchScreen.storyboard */; };
		FD24B0471F945F3D00D80480 /* BrandingFactory.m in Sources */ = {isa = PBXBuildFile; fileRef = FD24B0461F945F3D00D80480 /* BrandingFactory.m */; };
		FD24B04A1F945F5B00D80480 /* AcmeBrandingFactory.m in Sources */ = {isa = PBXBuildFile; fileRef = FD24B0491F945F5B00D80480 /* AcmeBrandingFactory.m */; };
		FD24B04D1F945F6C00D80480 /* SierraBrandingFactory.m in Sources */ = {isa = PBXBuildFile; fileRef = FD24B04C1F945F6C00D80480 /* SierraBrandingFactory.m */; };
		FD24B0511F9461A000D80480 /* SierraView.m in Sources */ = {isa = PBXBuildFile; fileRef = FD24B0501F9461A000D80480 /* SierraView.m */; };
		FD24B0541F9461BB00D80480 /* SierraMainButton.m in Sources */ = {isa = PBXBuildFile; fileRef = FD24B0531F9461BB00D80480 /* SierraMainButton.m */; };
		FD24B0571F9461D100D80480 /* SierraToolbar.m in Sources */ = {isa = PBXBuildFile; fileRef = FD24B0561F9461D100D80480 /* SierraToolbar.m */; };
		FD24B05A1F9461F300D80480 /* AcmeToolbar.m in Sources */ = {isa = PBXBuildFile; fileRef = FD24B0591F9461F300D80480 /* AcmeToolbar.m */; };
		FD24B05D1F94620100D80480 /* AcmeMainButton.m in Sources */ = {isa = PBXBuildFile; fileRef = FD24B05C1F94620100D80480 /* AcmeMainButton.m */; };
		FD24B0601F94621200D80480 /* AcmeView.m in Sources */ = {isa = PBXBuildFile; fileRef = FD24B05F1F94621200D80480 /* AcmeView.m */; };
		FD24B0651F94642B00D80480 /* ChasingGame.m in Sources */ = {isa = PBXBuildFile; fileRef = FD24B0641F94642B00D80480 /* ChasingGame.m */; };
		FD24B0681F94644600D80480 /* CharacterBuilder.m in Sources */ = {isa = PBXBuildFile; fileRef = FD24B0671F94644600D80480 /* CharacterBuilder.m */; };
		FD24B06B1F94645000D80480 /* Character.m in Sources */ = {isa = PBXBuildFile; fileRef = FD24B06A1F94645000D80480 /* Character.m */; };
		FD24B06E1F94645F00D80480 /* StandardCharacterBuilder.m in Sources */ = {isa = PBXBuildFile; fileRef = FD24B06D1F94645F00D80480 /* StandardCharacterBuilder.m */; };
		FD24B0741F94878D00D80480 /* ConsoleEmulator.m in Sources */ = {isa = PBXBuildFile; fileRef = FD24B0731F94878D00D80480 /* ConsoleEmulator.m */; };
		FD24B0771F94879700D80480 /* ConsoleController.m in Sources */ = {isa = PBXBuildFile; fileRef = FD24B0761F94879700D80480 /* ConsoleController.m */; };
		FD24B07A1F9487A500D80480 /* TouchConsoleController.m in Sources */ = {isa = PBXBuildFile; fileRef = FD24B0791F9487A500D80480 /* TouchConsoleController.m */; };
		FD24B07E1F9488E500D80480 /* GameBoyEmulator.m in Sources */ = {isa = PBXBuildFile; fileRef = FD24B07D1F9488E500D80480 /* GameBoyEmulator.m */; };
		FD24B0811F9488FF00D80480 /* GameGearEmulator.m in Sources */ = {isa = PBXBuildFile; fileRef = FD24B0801F9488FF00D80480 /* GameGearEmulator.m */; };
		FD24B0861F94A78000D80480 /* Taximeter.m in Sources */ = {isa = PBXBuildFile; fileRef = FD24B0851F94A78000D80480 /* Taximeter.m */; };
		FD24B0891F94A79A00D80480 /* Car.m in Sources */ = {isa = PBXBuildFile; fileRef = FD24B0881F94A79A00D80480 /* Car.m */; };
		FD24B08C1F94A7BE00D80480 /* CabDriver.m in Sources */ = {isa = PBXBuildFile; fileRef = FD24B08B1F94A7BE00D80480 /* CabDriver.m */; };
		FD24B0941F95A1DC00D80480 /* UIImage+ImageComponent.m in Sources */ = {isa = PBXBuildFile; fileRef = FD24B0931F95A1DC00D80480 /* UIImage+ImageComponent.m */; };
		FD24B0971F95A27600D80480 /* ImageFilter.m in Sources */ = {isa = PBXBuildFile; fileRef = FD24B0961F95A27600D80480 /* ImageFilter.m */; };
		FD24B09A1F95A2B500D80480 /* ImageTransformFilter.m in Sources */ = {isa = PBXBuildFile; fileRef = FD24B0991F95A2B500D80480 /* ImageTransformFilter.m */; };
		FD24B09D1F95A2ED00D80480 /* ImageShadowFilter.m in Sources */ = {isa = PBXBuildFile; fileRef = FD24B09C1F95A2ED00D80480 /* ImageShadowFilter.m */; };
		FD24B0A01F95A31500D80480 /* UIImage+Transform.m in Sources */ = {isa = PBXBuildFile; fileRef = FD24B09F1F95A31500D80480 /* UIImage+Transform.m */; };
		FD24B0A31F95A33500D80480 /* UIImage+BaseFilter.m in Sources */ = {isa = PBXBuildFile; fileRef = FD24B0A21F95A33500D80480 /* UIImage+BaseFilter.m */; };
		FD24B0A61F95A35B00D80480 /* UIImage+Shadow.m in Sources */ = {isa = PBXBuildFile; fileRef = FD24B0A51F95A35B00D80480 /* UIImage+Shadow.m */; };
		FD24B0A91F95A40B00D80480 /* DecoratorView.m in Sources */ = {isa = PBXBuildFile; fileRef = FD24B0A81F95A40B00D80480 /* DecoratorView.m */; };
		FD24B0AF1F95B1EF00D80480 /* Attack.m in Sources */ = {isa = PBXBuildFile; fileRef = FD24B0AE1F95B1EF00D80480 /* Attack.m */; };
		FD24B0B21F95B1FB00D80480 /* SwordAttack.m in Sources */ = {isa = PBXBuildFile; fileRef = FD24B0B11F95B1FB00D80480 /* SwordAttack.m */; };
		FD24B0B51F95B20600D80480 /* MagicFireAttack.m in Sources */ = {isa = PBXBuildFile; fileRef = FD24B0B41F95B20600D80480 /* MagicFireAttack.m */; };
		FD24B0B81F95B20E00D80480 /* LightningAttack.m in Sources */ = {isa = PBXBuildFile; fileRef = FD24B0B71F95B20E00D80480 /* LightningAttack.m */; };
		FD24B0BB1F95B21D00D80480 /* AttackHandler.m in Sources */ = {isa = PBXBuildFile; fileRef = FD24B0BA1F95B21D00D80480 /* AttackHandler.m */; };
		FD24B0BE1F95B24F00D80480 /* MetalArmor.m in Sources */ = {isa = PBXBuildFile; fileRef = FD24B0BD1F95B24F00D80480 /* MetalArmor.m */; };
		FD24B0C11F95B27400D80480 /* CrystalShield.m in Sources */ = {isa = PBXBuildFile; fileRef = FD24B0C01F95B27400D80480 /* CrystalShield.m */; };
		FD24B0C41F95B29200D80480 /* Avatar.m in Sources */ = {isa = PBXBuildFile; fileRef = FD24B0C31F95B29200D80480 /* Avatar.m */; };
		FD24B0C91F95E18900D80480 /* AnySandwich.m in Sources */ = {isa = PBXBuildFile; fileRef = FD24B0C81F95E18900D80480 /* AnySandwich.m */; };
		FD24B0CC1F95E19E00D80480 /* ReubenSandwich.m in Sources */ = {isa = PBXBuildFile; fileRef = FD24B0CB1F95E19E00D80480 /* ReubenSandwich.m */; };
		FD24B0CF1F95E1AE00D80480 /* Hamburger.m in Sources */ = {isa = PBXBuildFile; fileRef = FD24B0CE1F95E1AE00D80480 /* Hamburger.m */; };
		FD24B0D21F95E1B600D80480 /* Hotdog.m in Sources */ = {isa = PBXBuildFile; fileRef = FD24B0D11F95E1B600D80480 /* Hotdog.m */; };
		FD24B0D71F95E3CE00D80480 /* InputValidator.m in Sources */ = {isa = PBXBuildFile; fileRef = FD24B0D61F95E3CE00D80480 /* InputValidator.m */; };
		FD24B0DA1F95E3DB00D80480 /* NumericInputValidator.m in Sources */ = {isa = PBXBuildFile; fileRef = FD24B0D91F95E3DB00D80480 /* NumericInputValidator.m */; };
		FD24B0DD1F95E3E600D80480 /* AlphaInputValidator.m in Sources */ = {isa = PBXBuildFile; fileRef = FD24B0DC1F95E3E600D80480 /* AlphaInputValidator.m */; };
		FD24B0E01F95E3F400D80480 /* CustomTextField.m in Sources */ = {isa = PBXBuildFile; fileRef = FD24B0DF1F95E3F400D80480 /* CustomTextField.m */; };
		FD24B0E51F96FD2A00D80480 /* FlowerFactory.m in Sources */ = {isa = PBXBuildFile; fileRef = FD24B0E41F96FD2A00D80480 /* FlowerFactory.m */; settings = {COMPILER_FLAGS = "-fno-objc-arc"; }; };
		FD24B0E81F96FD6400D80480 /* FlowerView.m in Sources */ = {isa = PBXBuildFile; fileRef = FD24B0E71F96FD6400D80480 /* FlowerView.m */; settings = {COMPILER_FLAGS = "-fno-objc-arc"; }; };
		FD24B0EB1F96FD8C00D80480 /* FlyweightView.m in Sources */ = {isa = PBXBuildFile; fileRef = FD24B0EA1F96FD8C00D80480 /* FlyweightView.m */; settings = {COMPILER_FLAGS = "-fno-objc-arc"; }; };
/* End PBXBuildFile section */

/* Begin PBXFileReference section */
		FD24B0241F945C3200D80480 /* 设计模式.app */ = {isa = PBXFileReference; explicitFileType = wrapper.application; includeInIndex = 0; path = "设计模式.app"; sourceTree = BUILT_PRODUCTS_DIR; };
		FD24B0281F945C3200D80480 /* main.m */ = {isa = PBXFileReference; lastKnownFileType = sourcecode.c.objc; path = main.m; sourceTree = "<group>"; };
		FD24B02A1F945C3200D80480 /* AppDelegate.h */ = {isa = PBXFileReference; lastKnownFileType = sourcecode.c.h; path = AppDelegate.h; sourceTree = "<group>"; };
		FD24B02B1F945C3200D80480 /* AppDelegate.m */ = {isa = PBXFileReference; lastKnownFileType = sourcecode.c.objc; path = AppDelegate.m; sourceTree = "<group>"; };
		FD24B02D1F945C3200D80480 /* ViewController.h */ = {isa = PBXFileReference; lastKnownFileType = sourcecode.c.h; path = ViewController.h; sourceTree = "<group>"; };
		FD24B02E1F945C3200D80480 /* ViewController.m */ = {isa = PBXFileReference; lastKnownFileType = sourcecode.c.objc; path = ViewController.m; sourceTree = "<group>"; };
		FD24B0311F945C3200D80480 /* Base */ = {isa = PBXFileReference; lastKnownFileType = file.storyboard; name = Base; path = Base.lproj/Main.storyboard; sourceTree = "<group>"; };
		FD24B0331F945C3200D80480 /* Assets.xcassets */ = {isa = PBXFileReference; lastKnownFileType = folder.assetcatalog; path = Assets.xcassets; sourceTree = "<group>"; };
		FD24B0361F945C3200D80480 /* Base */ = {isa = PBXFileReference; lastKnownFileType = file.storyboard; name = Base; path = Base.lproj/LaunchScreen.storyboard; sourceTree = "<group>"; };
		FD24B0381F945C3200D80480 /* Info.plist */ = {isa = PBXFileReference; lastKnownFileType = text.plist.xml; path = Info.plist; sourceTree = "<group>"; };
		FD24B0451F945F3D00D80480 /* BrandingFactory.h */ = {isa = PBXFileReference; fileEncoding = 4; lastKnownFileType = sourcecode.c.h; path = BrandingFactory.h; sourceTree = "<group>"; };
		FD24B0461F945F3D00D80480 /* BrandingFactory.m */ = {isa = PBXFileReference; fileEncoding = 4; lastKnownFileType = sourcecode.c.objc; path = BrandingFactory.m; sourceTree = "<group>"; };
		FD24B0481F945F5B00D80480 /* AcmeBrandingFactory.h */ = {isa = PBXFileReference; fileEncoding = 4; lastKnownFileType = sourcecode.c.h; path = AcmeBrandingFactory.h; sourceTree = "<group>"; };
		FD24B0491F945F5B00D80480 /* AcmeBrandingFactory.m */ = {isa = PBXFileReference; fileEncoding = 4; lastKnownFileType = sourcecode.c.objc; path = AcmeBrandingFactory.m; sourceTree = "<group>"; };
		FD24B04B1F945F6C00D80480 /* SierraBrandingFactory.h */ = {isa = PBXFileReference; fileEncoding = 4; lastKnownFileType = sourcecode.c.h; path = SierraBrandingFactory.h; sourceTree = "<group>"; };
		FD24B04C1F945F6C00D80480 /* SierraBrandingFactory.m */ = {isa = PBXFileReference; fileEncoding = 4; lastKnownFileType = sourcecode.c.objc; path = SierraBrandingFactory.m; sourceTree = "<group>"; };
		FD24B04E1F94602500D80480 /* PrefixHeader.pch */ = {isa = PBXFileReference; fileEncoding = 4; lastKnownFileType = sourcecode.c.h; path = PrefixHeader.pch; sourceTree = "<group>"; };
		FD24B04F1F9461A000D80480 /* SierraView.h */ = {isa = PBXFileReference; fileEncoding = 4; lastKnownFileType = sourcecode.c.h; path = SierraView.h; sourceTree = "<group>"; };
		FD24B0501F9461A000D80480 /* SierraView.m */ = {isa = PBXFileReference; fileEncoding = 4; lastKnownFileType = sourcecode.c.objc; path = SierraView.m; sourceTree = "<group>"; };
		FD24B0521F9461BB00D80480 /* SierraMainButton.h */ = {isa = PBXFileReference; fileEncoding = 4; lastKnownFileType = sourcecode.c.h; path = SierraMainButton.h; sourceTree = "<group>"; };
		FD24B0531F9461BB00D80480 /* SierraMainButton.m */ = {isa = PBXFileReference; fileEncoding = 4; lastKnownFileType = sourcecode.c.objc; path = SierraMainButton.m; sourceTree = "<group>"; };
		FD24B0551F9461D100D80480 /* SierraToolbar.h */ = {isa = PBXFileReference; fileEncoding = 4; lastKnownFileType = sourcecode.c.h; path = SierraToolbar.h; sourceTree = "<group>"; };
		FD24B0561F9461D100D80480 /* SierraToolbar.m */ = {isa = PBXFileReference; fileEncoding = 4; lastKnownFileType = sourcecode.c.objc; path = SierraToolbar.m; sourceTree = "<group>"; };
		FD24B0581F9461F300D80480 /* AcmeToolbar.h */ = {isa = PBXFileReference; fileEncoding = 4; lastKnownFileType = sourcecode.c.h; path = AcmeToolbar.h; sourceTree = "<group>"; };
		FD24B0591F9461F300D80480 /* AcmeToolbar.m */ = {isa = PBXFileReference; fileEncoding = 4; lastKnownFileType = sourcecode.c.objc; path = AcmeToolbar.m; sourceTree = "<group>"; };
		FD24B05B1F94620100D80480 /* AcmeMainButton.h */ = {isa = PBXFileReference; fileEncoding = 4; lastKnownFileType = sourcecode.c.h; path = AcmeMainButton.h; sourceTree = "<group>"; };
		FD24B05C1F94620100D80480 /* AcmeMainButton.m */ = {isa = PBXFileReference; fileEncoding = 4; lastKnownFileType = sourcecode.c.objc; path = AcmeMainButton.m; sourceTree = "<group>"; };
		FD24B05E1F94621200D80480 /* AcmeView.h */ = {isa = PBXFileReference; fileEncoding = 4; lastKnownFileType = sourcecode.c.h; path = AcmeView.h; sourceTree = "<group>"; };
		FD24B05F1F94621200D80480 /* AcmeView.m */ = {isa = PBXFileReference; fileEncoding = 4; lastKnownFileType = sourcecode.c.objc; path = AcmeView.m; sourceTree = "<group>"; };
		FD24B0631F94642B00D80480 /* ChasingGame.h */ = {isa = PBXFileReference; fileEncoding = 4; lastKnownFileType = sourcecode.c.h; path = ChasingGame.h; sourceTree = "<group>"; };
		FD24B0641F94642B00D80480 /* ChasingGame.m */ = {isa = PBXFileReference; fileEncoding = 4; lastKnownFileType = sourcecode.c.objc; path = ChasingGame.m; sourceTree = "<group>"; };
		FD24B0661F94644600D80480 /* CharacterBuilder.h */ = {isa = PBXFileReference; fileEncoding = 4; lastKnownFileType = sourcecode.c.h; path = CharacterBuilder.h; sourceTree = "<group>"; };
		FD24B0671F94644600D80480 /* CharacterBuilder.m */ = {isa = PBXFileReference; fileEncoding = 4; lastKnownFileType = sourcecode.c.objc; path = CharacterBuilder.m; sourceTree = "<group>"; };
		FD24B0691F94645000D80480 /* Character.h */ = {isa = PBXFileReference; fileEncoding = 4; lastKnownFileType = sourcecode.c.h; path = Character.h; sourceTree = "<group>"; };
		FD24B06A1F94645000D80480 /* Character.m */ = {isa = PBXFileReference; fileEncoding = 4; lastKnownFileType = sourcecode.c.objc; path = Character.m; sourceTree = "<group>"; };
		FD24B06C1F94645F00D80480 /* StandardCharacterBuilder.h */ = {isa = PBXFileReference; fileEncoding = 4; lastKnownFileType = sourcecode.c.h; path = StandardCharacterBuilder.h; sourceTree = "<group>"; };
		FD24B06D1F94645F00D80480 /* StandardCharacterBuilder.m */ = {isa = PBXFileReference; fileEncoding = 4; lastKnownFileType = sourcecode.c.objc; path = StandardCharacterBuilder.m; sourceTree = "<group>"; };
		FD24B0721F94878D00D80480 /* ConsoleEmulator.h */ = {isa = PBXFileReference; fileEncoding = 4; lastKnownFileType = sourcecode.c.h; path = ConsoleEmulator.h; sourceTree = "<group>"; };
		FD24B0731F94878D00D80480 /* ConsoleEmulator.m */ = {isa = PBXFileReference; fileEncoding = 4; lastKnownFileType = sourcecode.c.objc; path = ConsoleEmulator.m; sourceTree = "<group>"; };
		FD24B0751F94879700D80480 /* ConsoleController.h */ = {isa = PBXFileReference; fileEncoding = 4; lastKnownFileType = sourcecode.c.h; path = ConsoleController.h; sourceTree = "<group>"; };
		FD24B0761F94879700D80480 /* ConsoleController.m */ = {isa = PBXFileReference; fileEncoding = 4; lastKnownFileType = sourcecode.c.objc; path = ConsoleController.m; sourceTree = "<group>"; };
		FD24B0781F9487A500D80480 /* TouchConsoleController.h */ = {isa = PBXFileReference; fileEncoding = 4; lastKnownFileType = sourcecode.c.h; path = TouchConsoleController.h; sourceTree = "<group>"; };
		FD24B0791F9487A500D80480 /* TouchConsoleController.m */ = {isa = PBXFileReference; fileEncoding = 4; lastKnownFileType = sourcecode.c.objc; path = TouchConsoleController.m; sourceTree = "<group>"; };
		FD24B07B1F94889A00D80480 /* ConsoleCommands.h */ = {isa = PBXFileReference; fileEncoding = 4; lastKnownFileType = sourcecode.c.h; path = ConsoleCommands.h; sourceTree = "<group>"; };
		FD24B07C1F9488E500D80480 /* GameBoyEmulator.h */ = {isa = PBXFileReference; fileEncoding = 4; lastKnownFileType = sourcecode.c.h; path = GameBoyEmulator.h; sourceTree = "<group>"; };
		FD24B07D1F9488E500D80480 /* GameBoyEmulator.m */ = {isa = PBXFileReference; fileEncoding = 4; lastKnownFileType = sourcecode.c.objc; path = GameBoyEmulator.m; sourceTree = "<group>"; };
		FD24B07F1F9488FF00D80480 /* GameGearEmulator.h */ = {isa = PBXFileReference; fileEncoding = 4; lastKnownFileType = sourcecode.c.h; path = GameGearEmulator.h; sourceTree = "<group>"; };
		FD24B0801F9488FF00D80480 /* GameGearEmulator.m */ = {isa = PBXFileReference; fileEncoding = 4; lastKnownFileType = sourcecode.c.objc; path = GameGearEmulator.m; sourceTree = "<group>"; };
		FD24B0841F94A78000D80480 /* Taximeter.h */ = {isa = PBXFileReference; fileEncoding = 4; lastKnownFileType = sourcecode.c.h; path = Taximeter.h; sourceTree = "<group>"; };
		FD24B0851F94A78000D80480 /* Taximeter.m */ = {isa = PBXFileReference; fileEncoding = 4; lastKnownFileType = sourcecode.c.objc; path = Taximeter.m; sourceTree = "<group>"; };
		FD24B0871F94A79A00D80480 /* Car.h */ = {isa = PBXFileReference; fileEncoding = 4; lastKnownFileType = sourcecode.c.h; path = Car.h; sourceTree = "<group>"; };
		FD24B0881F94A79A00D80480 /* Car.m */ = {isa = PBXFileReference; fileEncoding = 4; lastKnownFileType = sourcecode.c.objc; path = Car.m; sourceTree = "<group>"; };
		FD24B08A1F94A7BE00D80480 /* CabDriver.h */ = {isa = PBXFileReference; fileEncoding = 4; lastKnownFileType = sourcecode.c.h; path = CabDriver.h; sourceTree = "<group>"; };
		FD24B08B1F94A7BE00D80480 /* CabDriver.m */ = {isa = PBXFileReference; fileEncoding = 4; lastKnownFileType = sourcecode.c.objc; path = CabDriver.m; sourceTree = "<group>"; };
		FD24B0911F95A1A800D80480 /* ImageComponent.h */ = {isa = PBXFileReference; fileEncoding = 4; lastKnownFileType = sourcecode.c.h; path = ImageComponent.h; sourceTree = "<group>"; };
		FD24B0921F95A1DC00D80480 /* UIImage+ImageComponent.h */ = {isa = PBXFileReference; fileEncoding = 4; lastKnownFileType = sourcecode.c.h; path = "UIImage+ImageComponent.h"; sourceTree = "<group>"; };
		FD24B0931F95A1DC00D80480 /* UIImage+ImageComponent.m */ = {isa = PBXFileReference; fileEncoding = 4; lastKnownFileType = sourcecode.c.objc; path = "UIImage+ImageComponent.m"; sourceTree = "<group>"; };
		FD24B0951F95A27600D80480 /* ImageFilter.h */ = {isa = PBXFileReference; fileEncoding = 4; lastKnownFileType = sourcecode.c.h; path = ImageFilter.h; sourceTree = "<group>"; };
		FD24B0961F95A27600D80480 /* ImageFilter.m */ = {isa = PBXFileReference; fileEncoding = 4; lastKnownFileType = sourcecode.c.objc; path = ImageFilter.m; sourceTree = "<group>"; };
		FD24B0981F95A2B500D80480 /* ImageTransformFilter.h */ = {isa = PBXFileReference; fileEncoding = 4; lastKnownFileType = sourcecode.c.h; path = ImageTransformFilter.h; sourceTree = "<group>"; };
		FD24B0991F95A2B500D80480 /* ImageTransformFilter.m */ = {isa = PBXFileReference; fileEncoding = 4; lastKnownFileType = sourcecode.c.objc; path = ImageTransformFilter.m; sourceTree = "<group>"; };
		FD24B09B1F95A2ED00D80480 /* ImageShadowFilter.h */ = {isa = PBXFileReference; fileEncoding = 4; lastKnownFileType = sourcecode.c.h; path = ImageShadowFilter.h; sourceTree = "<group>"; };
		FD24B09C1F95A2ED00D80480 /* ImageShadowFilter.m */ = {isa = PBXFileReference; fileEncoding = 4; lastKnownFileType = sourcecode.c.objc; path = ImageShadowFilter.m; sourceTree = "<group>"; };
		FD24B09E1F95A31500D80480 /* UIImage+Transform.h */ = {isa = PBXFileReference; fileEncoding = 4; lastKnownFileType = sourcecode.c.h; path = "UIImage+Transform.h"; sourceTree = "<group>"; };
		FD24B09F1F95A31500D80480 /* UIImage+Transform.m */ = {isa = PBXFileReference; fileEncoding = 4; lastKnownFileType = sourcecode.c.objc; path = "UIImage+Transform.m"; sourceTree = "<group>"; };
		FD24B0A11F95A33500D80480 /* UIImage+BaseFilter.h */ = {isa = PBXFileReference; fileEncoding = 4; lastKnownFileType = sourcecode.c.h; path = "UIImage+BaseFilter.h"; sourceTree = "<group>"; };
		FD24B0A21F95A33500D80480 /* UIImage+BaseFilter.m */ = {isa = PBXFileReference; fileEncoding = 4; lastKnownFileType = sourcecode.c.objc; path = "UIImage+BaseFilter.m"; sourceTree = "<group>"; };
		FD24B0A41F95A35B00D80480 /* UIImage+Shadow.h */ = {isa = PBXFileReference; fileEncoding = 4; lastKnownFileType = sourcecode.c.h; path = "UIImage+Shadow.h"; sourceTree = "<group>"; };
		FD24B0A51F95A35B00D80480 /* UIImage+Shadow.m */ = {isa = PBXFileReference; fileEncoding = 4; lastKnownFileType = sourcecode.c.objc; path = "UIImage+Shadow.m"; sourceTree = "<group>"; };
		FD24B0A71F95A40B00D80480 /* DecoratorView.h */ = {isa = PBXFileReference; fileEncoding = 4; lastKnownFileType = sourcecode.c.h; path = DecoratorView.h; sourceTree = "<group>"; };
		FD24B0A81F95A40B00D80480 /* DecoratorView.m */ = {isa = PBXFileReference; fileEncoding = 4; lastKnownFileType = sourcecode.c.objc; path = DecoratorView.m; sourceTree = "<group>"; };
		FD24B0AD1F95B1EF00D80480 /* Attack.h */ = {isa = PBXFileReference; fileEncoding = 4; lastKnownFileType = sourcecode.c.h; path = Attack.h; sourceTree = "<group>"; };
		FD24B0AE1F95B1EF00D80480 /* Attack.m */ = {isa = PBXFileReference; fileEncoding = 4; lastKnownFileType = sourcecode.c.objc; path = Attack.m; sourceTree = "<group>"; };
		FD24B0B01F95B1FB00D80480 /* SwordAttack.h */ = {isa = PBXFileReference; fileEncoding = 4; lastKnownFileType = sourcecode.c.h; path = SwordAttack.h; sourceTree = "<group>"; };
		FD24B0B11F95B1FB00D80480 /* SwordAttack.m */ = {isa = PBXFileReference; fileEncoding = 4; lastKnownFileType = sourcecode.c.objc; path = SwordAttack.m; sourceTree = "<group>"; };
		FD24B0B31F95B20600D80480 /* MagicFireAttack.h */ = {isa = PBXFileReference; fileEncoding = 4; lastKnownFileType = sourcecode.c.h; path = MagicFireAttack.h; sourceTree = "<group>"; };
		FD24B0B41F95B20600D80480 /* MagicFireAttack.m */ = {isa = PBXFileReference; fileEncoding = 4; lastKnownFileType = sourcecode.c.objc; path = MagicFireAttack.m; sourceTree = "<group>"; };
		FD24B0B61F95B20E00D80480 /* LightningAttack.h */ = {isa = PBXFileReference; fileEncoding = 4; lastKnownFileType = sourcecode.c.h; path = LightningAttack.h; sourceTree = "<group>"; };
		FD24B0B71F95B20E00D80480 /* LightningAttack.m */ = {isa = PBXFileReference; fileEncoding = 4; lastKnownFileType = sourcecode.c.objc; path = LightningAttack.m; sourceTree = "<group>"; };
		FD24B0B91F95B21D00D80480 /* AttackHandler.h */ = {isa = PBXFileReference; fileEncoding = 4; lastKnownFileType = sourcecode.c.h; path = AttackHandler.h; sourceTree = "<group>"; };
		FD24B0BA1F95B21D00D80480 /* AttackHandler.m */ = {isa = PBXFileReference; fileEncoding = 4; lastKnownFileType = sourcecode.c.objc; path = AttackHandler.m; sourceTree = "<group>"; };
		FD24B0BC1F95B24F00D80480 /* MetalArmor.h */ = {isa = PBXFileReference; fileEncoding = 4; lastKnownFileType = sourcecode.c.h; path = MetalArmor.h; sourceTree = "<group>"; };
		FD24B0BD1F95B24F00D80480 /* MetalArmor.m */ = {isa = PBXFileReference; fileEncoding = 4; lastKnownFileType = sourcecode.c.objc; path = MetalArmor.m; sourceTree = "<group>"; };
		FD24B0BF1F95B27400D80480 /* CrystalShield.h */ = {isa = PBXFileReference; fileEncoding = 4; lastKnownFileType = sourcecode.c.h; path = CrystalShield.h; sourceTree = "<group>"; };
		FD24B0C01F95B27400D80480 /* CrystalShield.m */ = {isa = PBXFileReference; fileEncoding = 4; lastKnownFileType = sourcecode.c.objc; path = CrystalShield.m; sourceTree = "<group>"; };
		FD24B0C21F95B29200D80480 /* Avatar.h */ = {isa = PBXFileReference; fileEncoding = 4; lastKnownFileType = sourcecode.c.h; path = Avatar.h; sourceTree = "<group>"; };
		FD24B0C31F95B29200D80480 /* Avatar.m */ = {isa = PBXFileReference; fileEncoding = 4; lastKnownFileType = sourcecode.c.objc; path = Avatar.m; sourceTree = "<group>"; };
		FD24B0C71F95E18900D80480 /* AnySandwich.h */ = {isa = PBXFileReference; fileEncoding = 4; lastKnownFileType = sourcecode.c.h; path = AnySandwich.h; sourceTree = "<group>"; };
		FD24B0C81F95E18900D80480 /* AnySandwich.m */ = {isa = PBXFileReference; fileEncoding = 4; lastKnownFileType = sourcecode.c.objc; path = AnySandwich.m; sourceTree = "<group>"; };
		FD24B0CA1F95E19E00D80480 /* ReubenSandwich.h */ = {isa = PBXFileReference; fileEncoding = 4; lastKnownFileType = sourcecode.c.h; path = ReubenSandwich.h; sourceTree = "<group>"; };
		FD24B0CB1F95E19E00D80480 /* ReubenSandwich.m */ = {isa = PBXFileReference; fileEncoding = 4; lastKnownFileType = sourcecode.c.objc; path = ReubenSandwich.m; sourceTree = "<group>"; };
		FD24B0CD1F95E1AE00D80480 /* Hamburger.h */ = {isa = PBXFileReference; fileEncoding = 4; lastKnownFileType = sourcecode.c.h; path = Hamburger.h; sourceTree = "<group>"; };
		FD24B0CE1F95E1AE00D80480 /* Hamburger.m */ = {isa = PBXFileReference; fileEncoding = 4; lastKnownFileType = sourcecode.c.objc; path = Hamburger.m; sourceTree = "<group>"; };
		FD24B0D01F95E1B600D80480 /* Hotdog.h */ = {isa = PBXFileReference; fileEncoding = 4; lastKnownFileType = sourcecode.c.h; path = Hotdog.h; sourceTree = "<group>"; };
		FD24B0D11F95E1B600D80480 /* Hotdog.m */ = {isa = PBXFileReference; fileEncoding = 4; lastKnownFileType = sourcecode.c.objc; path = Hotdog.m; sourceTree = "<group>"; };
		FD24B0D51F95E3CE00D80480 /* InputValidator.h */ = {isa = PBXFileReference; fileEncoding = 4; lastKnownFileType = sourcecode.c.h; path = InputValidator.h; sourceTree = "<group>"; };
		FD24B0D61F95E3CE00D80480 /* InputValidator.m */ = {isa = PBXFileReference; fileEncoding = 4; lastKnownFileType = sourcecode.c.objc; path = InputValidator.m; sourceTree = "<group>"; };
		FD24B0D81F95E3DB00D80480 /* NumericInputValidator.h */ = {isa = PBXFileReference; fileEncoding = 4; lastKnownFileType = sourcecode.c.h; path = NumericInputValidator.h; sourceTree = "<group>"; };
		FD24B0D91F95E3DB00D80480 /* NumericInputValidator.m */ = {isa = PBXFileReference; fileEncoding = 4; lastKnownFileType = sourcecode.c.objc; path = NumericInputValidator.m; sourceTree = "<group>"; };
		FD24B0DB1F95E3E600D80480 /* AlphaInputValidator.h */ = {isa = PBXFileReference; fileEncoding = 4; lastKnownFileType = sourcecode.c.h; path = AlphaInputValidator.h; sourceTree = "<group>"; };
		FD24B0DC1F95E3E600D80480 /* AlphaInputValidator.m */ = {isa = PBXFileReference; fileEncoding = 4; lastKnownFileType = sourcecode.c.objc; path = AlphaInputValidator.m; sourceTree = "<group>"; };
		FD24B0DE1F95E3F400D80480 /* CustomTextField.h */ = {isa = PBXFileReference; fileEncoding = 4; lastKnownFileType = sourcecode.c.h; path = CustomTextField.h; sourceTree = "<group>"; };
		FD24B0DF1F95E3F400D80480 /* CustomTextField.m */ = {isa = PBXFileReference; fileEncoding = 4; lastKnownFileType = sourcecode.c.objc; path = CustomTextField.m; sourceTree = "<group>"; };
		FD24B0E31F96FD2A00D80480 /* FlowerFactory.h */ = {isa = PBXFileReference; fileEncoding = 4; lastKnownFileType = sourcecode.c.h; path = FlowerFactory.h; sourceTree = "<group>"; };
		FD24B0E41F96FD2A00D80480 /* FlowerFactory.m */ = {isa = PBXFileReference; fileEncoding = 4; lastKnownFileType = sourcecode.c.objc; path = FlowerFactory.m; sourceTree = "<group>"; };
		FD24B0E61F96FD6400D80480 /* FlowerView.h */ = {isa = PBXFileReference; fileEncoding = 4; lastKnownFileType = sourcecode.c.h; path = FlowerView.h; sourceTree = "<group>"; };
		FD24B0E71F96FD6400D80480 /* FlowerView.m */ = {isa = PBXFileReference; fileEncoding = 4; lastKnownFileType = sourcecode.c.objc; path = FlowerView.m; sourceTree = "<group>"; };
		FD24B0E91F96FD8C00D80480 /* FlyweightView.h */ = {isa = PBXFileReference; fileEncoding = 4; lastKnownFileType = sourcecode.c.h; path = FlyweightView.h; sourceTree = "<group>"; };
		FD24B0EA1F96FD8C00D80480 /* FlyweightView.m */ = {isa = PBXFileReference; fileEncoding = 4; lastKnownFileType = sourcecode.c.objc; path = FlyweightView.m; sourceTree = "<group>"; };
		FD24B0EC1F96FDC800D80480 /* ExtrinsicFlowerState.h */ = {isa = PBXFileReference; fileEncoding = 4; lastKnownFileType = sourcecode.c.h; path = ExtrinsicFlowerState.h; sourceTree = "<group>"; };
/* End PBXFileReference section */

/* Begin PBXFrameworksBuildPhase section */
		FD24B0211F945C3200D80480 /* Frameworks */ = {
			isa = PBXFrameworksBuildPhase;
			buildActionMask = 2147483647;
			files = (
			);
			runOnlyForDeploymentPostprocessing = 0;
		};
/* End PBXFrameworksBuildPhase section */

/* Begin PBXGroup section */
		FD24B01B1F945C3200D80480 = {
			isa = PBXGroup;
			children = (
				FD24B0261F945C3200D80480 /* 设计模式 */,
				FD24B0251F945C3200D80480 /* Products */,
			);
			sourceTree = "<group>";
		};
		FD24B0251F945C3200D80480 /* Products */ = {
			isa = PBXGroup;
			children = (
				FD24B0241F945C3200D80480 /* 设计模式.app */,
			);
			name = Products;
			sourceTree = "<group>";
		};
		FD24B0261F945C3200D80480 /* 设计模式 */ = {
			isa = PBXGroup;
			children = (
				FD24B0E11F96FCF900D80480 /* Flyweight */,
				FD24B0D31F95E3A300D80480 /* Strategy */,
				FD24B0C51F95E16A00D80480 /* TemplateMethod */,
				FD24B0AA1F95B1BA00D80480 /* ChainOfResponsibility */,
				FD24B08D1F95A0E500D80480 /* Decorator */,
				FD24B0821F94A75F00D80480 /* Facade */,
				FD24B06F1F94873800D80480 /* Bridge */,
				FD24B0611F9463C900D80480 /* Builder */,
				FD24B03E1F945C4900D80480 /* AbstractFactory */,
				FD24B02A1F945C3200D80480 /* AppDelegate.h */,
				FD24B02B1F945C3200D80480 /* AppDelegate.m */,
				FD24B02D1F945C3200D80480 /* ViewController.h */,
				FD24B02E1F945C3200D80480 /* ViewController.m */,
				FD24B04E1F94602500D80480 /* PrefixHeader.pch */,
				FD24B0301F945C3200D80480 /* Main.storyboard */,
				FD24B0331F945C3200D80480 /* Assets.xcassets */,
				FD24B0351F945C3200D80480 /* LaunchScreen.storyboard */,
				FD24B0381F945C3200D80480 /* Info.plist */,
				FD24B0271F945C3200D80480 /* Supporting Files */,
			);
			path = "设计模式";
			sourceTree = "<group>";
		};
		FD24B0271F945C3200D80480 /* Supporting Files */ = {
			isa = PBXGroup;
			children = (
				FD24B0281F945C3200D80480 /* main.m */,
			);
			name = "Supporting Files";
			sourceTree = "<group>";
		};
		FD24B03E1F945C4900D80480 /* AbstractFactory */ = {
			isa = PBXGroup;
			children = (
				FD24B0421F945D9900D80480 /* Branding Factories */,
				FD24B03F1F945D7000D80480 /* Branding Products */,
				FD24B0451F945F3D00D80480 /* BrandingFactory.h */,
				FD24B0461F945F3D00D80480 /* BrandingFactory.m */,
			);
			name = AbstractFactory;
			sourceTree = "<group>";
		};
		FD24B03F1F945D7000D80480 /* Branding Products */ = {
			isa = PBXGroup;
			children = (
				FD24B0411F945D8B00D80480 /* Sierra */,
				FD24B0401F945D8400D80480 /* Acme */,
			);
			name = "Branding Products";
			sourceTree = "<group>";
		};
		FD24B0401F945D8400D80480 /* Acme */ = {
			isa = PBXGroup;
			children = (
				FD24B0581F9461F300D80480 /* AcmeToolbar.h */,
				FD24B0591F9461F300D80480 /* AcmeToolbar.m */,
				FD24B05B1F94620100D80480 /* AcmeMainButton.h */,
				FD24B05C1F94620100D80480 /* AcmeMainButton.m */,
				FD24B05E1F94621200D80480 /* AcmeView.h */,
				FD24B05F1F94621200D80480 /* AcmeView.m */,
			);
			name = Acme;
			sourceTree = "<group>";
		};
		FD24B0411F945D8B00D80480 /* Sierra */ = {
			isa = PBXGroup;
			children = (
				FD24B04F1F9461A000D80480 /* SierraView.h */,
				FD24B0501F9461A000D80480 /* SierraView.m */,
				FD24B0521F9461BB00D80480 /* SierraMainButton.h */,
				FD24B0531F9461BB00D80480 /* SierraMainButton.m */,
				FD24B0551F9461D100D80480 /* SierraToolbar.h */,
				FD24B0561F9461D100D80480 /* SierraToolbar.m */,
			);
			name = Sierra;
			sourceTree = "<group>";
		};
		FD24B0421F945D9900D80480 /* Branding Factories */ = {
			isa = PBXGroup;
			children = (
				FD24B0441F945DB000D80480 /* Acme */,
				FD24B0431F945DAA00D80480 /* Sierra */,
			);
			name = "Branding Factories";
			sourceTree = "<group>";
		};
		FD24B0431F945DAA00D80480 /* Sierra */ = {
			isa = PBXGroup;
			children = (
				FD24B04B1F945F6C00D80480 /* SierraBrandingFactory.h */,
				FD24B04C1F945F6C00D80480 /* SierraBrandingFactory.m */,
			);
			name = Sierra;
			sourceTree = "<group>";
		};
		FD24B0441F945DB000D80480 /* Acme */ = {
			isa = PBXGroup;
			children = (
				FD24B0481F945F5B00D80480 /* AcmeBrandingFactory.h */,
				FD24B0491F945F5B00D80480 /* AcmeBrandingFactory.m */,
			);
			name = Acme;
			sourceTree = "<group>";
		};
		FD24B0611F9463C900D80480 /* Builder */ = {
			isa = PBXGroup;
			children = (
				FD24B0621F94640500D80480 /* Character Builders */,
				FD24B0631F94642B00D80480 /* ChasingGame.h */,
				FD24B0641F94642B00D80480 /* ChasingGame.m */,
			);
			name = Builder;
			sourceTree = "<group>";
		};
		FD24B0621F94640500D80480 /* Character Builders */ = {
			isa = PBXGroup;
			children = (
				FD24B0661F94644600D80480 /* CharacterBuilder.h */,
				FD24B0671F94644600D80480 /* CharacterBuilder.m */,
				FD24B0691F94645000D80480 /* Character.h */,
				FD24B06A1F94645000D80480 /* Character.m */,
				FD24B06C1F94645F00D80480 /* StandardCharacterBuilder.h */,
				FD24B06D1F94645F00D80480 /* StandardCharacterBuilder.m */,
			);
			name = "Character Builders";
			sourceTree = "<group>";
		};
		FD24B06F1F94873800D80480 /* Bridge */ = {
			isa = PBXGroup;
			children = (
				FD24B0701F94874300D80480 /* Console */,
			);
			name = Bridge;
			sourceTree = "<group>";
		};
		FD24B0701F94874300D80480 /* Console */ = {
			isa = PBXGroup;
			children = (
				FD24B0711F94874E00D80480 /* Concrete Emulators */,
				FD24B07B1F94889A00D80480 /* ConsoleCommands.h */,
				FD24B0721F94878D00D80480 /* ConsoleEmulator.h */,
				FD24B0731F94878D00D80480 /* ConsoleEmulator.m */,
				FD24B0751F94879700D80480 /* ConsoleController.h */,
				FD24B0761F94879700D80480 /* ConsoleController.m */,
				FD24B0781F9487A500D80480 /* TouchConsoleController.h */,
				FD24B0791F9487A500D80480 /* TouchConsoleController.m */,
			);
			name = Console;
			sourceTree = "<group>";
		};
		FD24B0711F94874E00D80480 /* Concrete Emulators */ = {
			isa = PBXGroup;
			children = (
				FD24B07C1F9488E500D80480 /* GameBoyEmulator.h */,
				FD24B07D1F9488E500D80480 /* GameBoyEmulator.m */,
				FD24B07F1F9488FF00D80480 /* GameGearEmulator.h */,
				FD24B0801F9488FF00D80480 /* GameGearEmulator.m */,
			);
			name = "Concrete Emulators";
			sourceTree = "<group>";
		};
		FD24B0821F94A75F00D80480 /* Facade */ = {
			isa = PBXGroup;
			children = (
				FD24B0831F94A76B00D80480 /* Taxicab */,
			);
			name = Facade;
			sourceTree = "<group>";
		};
		FD24B0831F94A76B00D80480 /* Taxicab */ = {
			isa = PBXGroup;
			children = (
				FD24B0841F94A78000D80480 /* Taximeter.h */,
				FD24B0851F94A78000D80480 /* Taximeter.m */,
				FD24B0871F94A79A00D80480 /* Car.h */,
				FD24B0881F94A79A00D80480 /* Car.m */,
				FD24B08A1F94A7BE00D80480 /* CabDriver.h */,
				FD24B08B1F94A7BE00D80480 /* CabDriver.m */,
			);
			name = Taxicab;
			sourceTree = "<group>";
		};
		FD24B08D1F95A0E500D80480 /* Decorator */ = {
			isa = PBXGroup;
			children = (
				FD24B08E1F95A11300D80480 /* Decorators */,
			);
			name = Decorator;
			sourceTree = "<group>";
		};
		FD24B08E1F95A11300D80480 /* Decorators */ = {
			isa = PBXGroup;
			children = (
				FD24B0901F95A13A00D80480 /* Categories */,
				FD24B08F1F95A13100D80480 /* Subclasses */,
				FD24B0A71F95A40B00D80480 /* DecoratorView.h */,
				FD24B0A81F95A40B00D80480 /* DecoratorView.m */,
			);
			name = Decorators;
			sourceTree = "<group>";
		};
		FD24B08F1F95A13100D80480 /* Subclasses */ = {
			isa = PBXGroup;
			children = (
				FD24B0911F95A1A800D80480 /* ImageComponent.h */,
				FD24B0921F95A1DC00D80480 /* UIImage+ImageComponent.h */,
				FD24B0931F95A1DC00D80480 /* UIImage+ImageComponent.m */,
				FD24B0951F95A27600D80480 /* ImageFilter.h */,
				FD24B0961F95A27600D80480 /* ImageFilter.m */,
				FD24B0981F95A2B500D80480 /* ImageTransformFilter.h */,
				FD24B0991F95A2B500D80480 /* ImageTransformFilter.m */,
				FD24B09B1F95A2ED00D80480 /* ImageShadowFilter.h */,
				FD24B09C1F95A2ED00D80480 /* ImageShadowFilter.m */,
			);
			name = Subclasses;
			sourceTree = "<group>";
		};
		FD24B0901F95A13A00D80480 /* Categories */ = {
			isa = PBXGroup;
			children = (
				FD24B09E1F95A31500D80480 /* UIImage+Transform.h */,
				FD24B09F1F95A31500D80480 /* UIImage+Transform.m */,
				FD24B0A41F95A35B00D80480 /* UIImage+Shadow.h */,
				FD24B0A51F95A35B00D80480 /* UIImage+Shadow.m */,
				FD24B0A11F95A33500D80480 /* UIImage+BaseFilter.h */,
				FD24B0A21F95A33500D80480 /* UIImage+BaseFilter.m */,
			);
			name = Categories;
			sourceTree = "<group>";
		};
		FD24B0AA1F95B1BA00D80480 /* ChainOfResponsibility */ = {
			isa = PBXGroup;
			children = (
				FD24B0AC1F95B1D600D80480 /* AttackHandlers */,
				FD24B0AB1F95B1CF00D80480 /* Attacks */,
			);
			name = ChainOfResponsibility;
			sourceTree = "<group>";
		};
		FD24B0AB1F95B1CF00D80480 /* Attacks */ = {
			isa = PBXGroup;
			children = (
				FD24B0AD1F95B1EF00D80480 /* Attack.h */,
				FD24B0AE1F95B1EF00D80480 /* Attack.m */,
				FD24B0B01F95B1FB00D80480 /* SwordAttack.h */,
				FD24B0B11F95B1FB00D80480 /* SwordAttack.m */,
				FD24B0B31F95B20600D80480 /* MagicFireAttack.h */,
				FD24B0B41F95B20600D80480 /* MagicFireAttack.m */,
				FD24B0B61F95B20E00D80480 /* LightningAttack.h */,
				FD24B0B71F95B20E00D80480 /* LightningAttack.m */,
			);
			name = Attacks;
			sourceTree = "<group>";
		};
		FD24B0AC1F95B1D600D80480 /* AttackHandlers */ = {
			isa = PBXGroup;
			children = (
				FD24B0B91F95B21D00D80480 /* AttackHandler.h */,
				FD24B0BA1F95B21D00D80480 /* AttackHandler.m */,
				FD24B0BC1F95B24F00D80480 /* MetalArmor.h */,
				FD24B0BD1F95B24F00D80480 /* MetalArmor.m */,
				FD24B0BF1F95B27400D80480 /* CrystalShield.h */,
				FD24B0C01F95B27400D80480 /* CrystalShield.m */,
				FD24B0C21F95B29200D80480 /* Avatar.h */,
				FD24B0C31F95B29200D80480 /* Avatar.m */,
			);
			name = AttackHandlers;
			sourceTree = "<group>";
		};
		FD24B0C51F95E16A00D80480 /* TemplateMethod */ = {
			isa = PBXGroup;
			children = (
				FD24B0C61F95E17800D80480 /* Sandwiches */,
			);
			name = TemplateMethod;
			sourceTree = "<group>";
		};
		FD24B0C61F95E17800D80480 /* Sandwiches */ = {
			isa = PBXGroup;
			children = (
				FD24B0C71F95E18900D80480 /* AnySandwich.h */,
				FD24B0C81F95E18900D80480 /* AnySandwich.m */,
				FD24B0CA1F95E19E00D80480 /* ReubenSandwich.h */,
				FD24B0CB1F95E19E00D80480 /* ReubenSandwich.m */,
				FD24B0CD1F95E1AE00D80480 /* Hamburger.h */,
				FD24B0CE1F95E1AE00D80480 /* Hamburger.m */,
				FD24B0D01F95E1B600D80480 /* Hotdog.h */,
				FD24B0D11F95E1B600D80480 /* Hotdog.m */,
			);
			name = Sandwiches;
			sourceTree = "<group>";
		};
		FD24B0D31F95E3A300D80480 /* Strategy */ = {
			isa = PBXGroup;
			children = (
				FD24B0D41F95E3B200D80480 /* InputValidation */,
			);
			name = Strategy;
			sourceTree = "<group>";
		};
		FD24B0D41F95E3B200D80480 /* InputValidation */ = {
			isa = PBXGroup;
			children = (
				FD24B0D51F95E3CE00D80480 /* InputValidator.h */,
				FD24B0D61F95E3CE00D80480 /* InputValidator.m */,
				FD24B0D81F95E3DB00D80480 /* NumericInputValidator.h */,
				FD24B0D91F95E3DB00D80480 /* NumericInputValidator.m */,
				FD24B0DB1F95E3E600D80480 /* AlphaInputValidator.h */,
				FD24B0DC1F95E3E600D80480 /* AlphaInputValidator.m */,
				FD24B0DE1F95E3F400D80480 /* CustomTextField.h */,
				FD24B0DF1F95E3F400D80480 /* CustomTextField.m */,
			);
			name = InputValidation;
			sourceTree = "<group>";
		};
		FD24B0E11F96FCF900D80480 /* Flyweight */ = {
			isa = PBXGroup;
			children = (
				FD24B0E21F96FD0F00D80480 /* Flower Flyweights */,
				FD24B0E91F96FD8C00D80480 /* FlyweightView.h */,
				FD24B0EA1F96FD8C00D80480 /* FlyweightView.m */,
				FD24B0EC1F96FDC800D80480 /* ExtrinsicFlowerState.h */,
			);
			name = Flyweight;
			sourceTree = "<group>";
		};
		FD24B0E21F96FD0F00D80480 /* Flower Flyweights */ = {
			isa = PBXGroup;
			children = (
				FD24B0E31F96FD2A00D80480 /* FlowerFactory.h */,
				FD24B0E41F96FD2A00D80480 /* FlowerFactory.m */,
				FD24B0E61F96FD6400D80480 /* FlowerView.h */,
				FD24B0E71F96FD6400D80480 /* FlowerView.m */,
			);
			name = "Flower Flyweights";
			sourceTree = "<group>";
		};
/* End PBXGroup section */

/* Begin PBXNativeTarget section */
		FD24B0231F945C3200D80480 /* 设计模式 */ = {
			isa = PBXNativeTarget;
			buildConfigurationList = FD24B03B1F945C3200D80480 /* Build configuration list for PBXNativeTarget "设计模式" */;
			buildPhases = (
				FD24B0201F945C3200D80480 /* Sources */,
				FD24B0211F945C3200D80480 /* Frameworks */,
				FD24B0221F945C3200D80480 /* Resources */,
			);
			buildRules = (
			);
			dependencies = (
			);
			name = "设计模式";
			productName = "设计模式";
			productReference = FD24B0241F945C3200D80480 /* 设计模式.app */;
			productType = "com.apple.product-type.application";
		};
/* End PBXNativeTarget section */

/* Begin PBXProject section */
		FD24B01C1F945C3200D80480 /* Project object */ = {
			isa = PBXProject;
			attributes = {
				LastUpgradeCheck = 0830;
				ORGANIZATIONNAME = pro_cookie;
				TargetAttributes = {
					FD24B0231F945C3200D80480 = {
						CreatedOnToolsVersion = 8.3.3;
						ProvisioningStyle = Automatic;
					};
				};
			};
			buildConfigurationList = FD24B01F1F945C3200D80480 /* Build configuration list for PBXProject "设计模式" */;
			compatibilityVersion = "Xcode 3.2";
			developmentRegion = English;
			hasScannedForEncodings = 0;
			knownRegions = (
				en,
				Base,
			);
			mainGroup = FD24B01B1F945C3200D80480;
			productRefGroup = FD24B0251F945C3200D80480 /* Products */;
			projectDirPath = "";
			projectRoot = "";
			targets = (
				FD24B0231F945C3200D80480 /* 设计模式 */,
			);
		};
/* End PBXProject section */

/* Begin PBXResourcesBuildPhase section */
		FD24B0221F945C3200D80480 /* Resources */ = {
			isa = PBXResourcesBuildPhase;
			buildActionMask = 2147483647;
			files = (
				FD24B0371F945C3200D80480 /* LaunchScreen.storyboard in Resources */,
				FD24B0341F945C3200D80480 /* Assets.xcassets in Resources */,
				FD24B0321F945C3200D80480 /* Main.storyboard in Resources */,
			);
			runOnlyForDeploymentPostprocessing = 0;
		};
/* End PBXResourcesBuildPhase section */

/* Begin PBXSourcesBuildPhase section */
		FD24B0201F945C3200D80480 /* Sources */ = {
			isa = PBXSourcesBuildPhase;
			buildActionMask = 2147483647;
			files = (
				FD24B0D21F95E1B600D80480 /* Hotdog.m in Sources */,
				FD24B0BB1F95B21D00D80480 /* AttackHandler.m in Sources */,
				FD24B0A61F95A35B00D80480 /* UIImage+Shadow.m in Sources */,
				FD24B09A1F95A2B500D80480 /* ImageTransformFilter.m in Sources */,
				FD24B0511F9461A000D80480 /* SierraView.m in Sources */,
				FD24B07A1F9487A500D80480 /* TouchConsoleController.m in Sources */,
				FD24B02F1F945C3200D80480 /* ViewController.m in Sources */,
				FD24B0601F94621200D80480 /* AcmeView.m in Sources */,
				FD24B0BE1F95B24F00D80480 /* MetalArmor.m in Sources */,
				FD24B04D1F945F6C00D80480 /* SierraBrandingFactory.m in Sources */,
				FD24B05D1F94620100D80480 /* AcmeMainButton.m in Sources */,
				FD24B0C41F95B29200D80480 /* Avatar.m in Sources */,
				FD24B0B81F95B20E00D80480 /* LightningAttack.m in Sources */,
				FD24B0E81F96FD6400D80480 /* FlowerView.m in Sources */,
				FD24B0A91F95A40B00D80480 /* DecoratorView.m in Sources */,
				FD24B04A1F945F5B00D80480 /* AcmeBrandingFactory.m in Sources */,
				FD24B0861F94A78000D80480 /* Taximeter.m in Sources */,
				FD24B0E01F95E3F400D80480 /* CustomTextField.m in Sources */,
				FD24B08C1F94A7BE00D80480 /* CabDriver.m in Sources */,
				FD24B0651F94642B00D80480 /* ChasingGame.m in Sources */,
				FD24B0771F94879700D80480 /* ConsoleController.m in Sources */,
				FD24B0C91F95E18900D80480 /* AnySandwich.m in Sources */,
				FD24B0571F9461D100D80480 /* SierraToolbar.m in Sources */,
				FD24B09D1F95A2ED00D80480 /* ImageShadowFilter.m in Sources */,
				FD24B0811F9488FF00D80480 /* GameGearEmulator.m in Sources */,
				FD24B0A01F95A31500D80480 /* UIImage+Transform.m in Sources */,
				FD24B0E51F96FD2A00D80480 /* FlowerFactory.m in Sources */,
				FD24B0941F95A1DC00D80480 /* UIImage+ImageComponent.m in Sources */,
				FD24B05A1F9461F300D80480 /* AcmeToolbar.m in Sources */,
				FD24B0681F94644600D80480 /* CharacterBuilder.m in Sources */,
				FD24B0AF1F95B1EF00D80480 /* Attack.m in Sources */,
				FD24B0B51F95B20600D80480 /* MagicFireAttack.m in Sources */,
				FD24B0741F94878D00D80480 /* ConsoleEmulator.m in Sources */,
				FD24B0A31F95A33500D80480 /* UIImage+BaseFilter.m in Sources */,
				FD24B0DD1F95E3E600D80480 /* AlphaInputValidator.m in Sources */,
				FD24B07E1F9488E500D80480 /* GameBoyEmulator.m in Sources */,
				FD24B0891F94A79A00D80480 /* Car.m in Sources */,
				FD24B06E1F94645F00D80480 /* StandardCharacterBuilder.m in Sources */,
				FD24B0D71F95E3CE00D80480 /* InputValidator.m in Sources */,
				FD24B0B21F95B1FB00D80480 /* SwordAttack.m in Sources */,
				FD24B0541F9461BB00D80480 /* SierraMainButton.m in Sources */,
				FD24B0971F95A27600D80480 /* ImageFilter.m in Sources */,
				FD24B06B1F94645000D80480 /* Character.m in Sources */,
				FD24B0EB1F96FD8C00D80480 /* FlyweightView.m in Sources */,
				FD24B0CC1F95E19E00D80480 /* ReubenSandwich.m in Sources */,
				FD24B0471F945F3D00D80480 /* BrandingFactory.m in Sources */,
				FD24B0DA1F95E3DB00D80480 /* NumericInputValidator.m in Sources */,
				FD24B02C1F945C3200D80480 /* AppDelegate.m in Sources */,
				FD24B0CF1F95E1AE00D80480 /* Hamburger.m in Sources */,
				FD24B0291F945C3200D80480 /* main.m in Sources */,
				FD24B0C11F95B27400D80480 /* CrystalShield.m in Sources */,
			);
			runOnlyForDeploymentPostprocessing = 0;
		};
/* End PBXSourcesBuildPhase section */

/* Begin PBXVariantGroup section */
		FD24B0301F945C3200D80480 /* Main.storyboard */ = {
			isa = PBXVariantGroup;
			children = (
				FD24B0311F945C3200D80480 /* Base */,
			);
			name = Main.storyboard;
			sourceTree = "<group>";
		};
		FD24B0351F945C3200D80480 /* LaunchScreen.storyboard */ = {
			isa = PBXVariantGroup;
			children = (
				FD24B0361F945C3200D80480 /* Base */,
			);
			name = LaunchScreen.storyboard;
			sourceTree = "<group>";
		};
/* End PBXVariantGroup section */

/* Begin XCBuildConfiguration section */
		FD24B0391F945C3200D80480 /* Debug */ = {
			isa = XCBuildConfiguration;
			buildSettings = {
				ALWAYS_SEARCH_USER_PATHS = NO;
				CLANG_ANALYZER_NONNULL = YES;
				CLANG_ANALYZER_NUMBER_OBJECT_CONVERSION = YES_AGGRESSIVE;
				CLANG_CXX_LANGUAGE_STANDARD = "gnu++0x";
				CLANG_CXX_LIBRARY = "libc++";
				CLANG_ENABLE_MODULES = YES;
				CLANG_ENABLE_OBJC_ARC = YES;
				CLANG_WARN_BOOL_CONVERSION = YES;
				CLANG_WARN_CONSTANT_CONVERSION = YES;
				CLANG_WARN_DIRECT_OBJC_ISA_USAGE = YES_ERROR;
				CLANG_WARN_DOCUMENTATION_COMMENTS = YES;
				CLANG_WARN_EMPTY_BODY = YES;
				CLANG_WARN_ENUM_CONVERSION = YES;
				CLANG_WARN_INFINITE_RECURSION = YES;
				CLANG_WARN_INT_CONVERSION = YES;
				CLANG_WARN_OBJC_ROOT_CLASS = YES_ERROR;
				CLANG_WARN_SUSPICIOUS_MOVE = YES;
				CLANG_WARN_UNREACHABLE_CODE = YES;
				CLANG_WARN__DUPLICATE_METHOD_MATCH = YES;
				"CODE_SIGN_IDENTITY[sdk=iphoneos*]" = "iPhone Developer";
				COPY_PHASE_STRIP = NO;
				DEBUG_INFORMATION_FORMAT = dwarf;
				ENABLE_STRICT_OBJC_MSGSEND = YES;
				ENABLE_TESTABILITY = YES;
				GCC_C_LANGUAGE_STANDARD = gnu99;
				GCC_DYNAMIC_NO_PIC = NO;
				GCC_NO_COMMON_BLOCKS = YES;
				GCC_OPTIMIZATION_LEVEL = 0;
				GCC_PREPROCESSOR_DEFINITIONS = (
					"DEBUG=1",
					"$(inherited)",
				);
				GCC_WARN_64_TO_32_BIT_CONVERSION = YES;
				GCC_WARN_ABOUT_RETURN_TYPE = YES_ERROR;
				GCC_WARN_UNDECLARED_SELECTOR = YES;
				GCC_WARN_UNINITIALIZED_AUTOS = YES_AGGRESSIVE;
				GCC_WARN_UNUSED_FUNCTION = YES;
				GCC_WARN_UNUSED_VARIABLE = YES;
				IPHONEOS_DEPLOYMENT_TARGET = 10.3;
				MTL_ENABLE_DEBUG_INFO = YES;
				ONLY_ACTIVE_ARCH = YES;
				SDKROOT = iphoneos;
				TARGETED_DEVICE_FAMILY = "1,2";
			};
			name = Debug;
		};
		FD24B03A1F945C3200D80480 /* Release */ = {
			isa = XCBuildConfiguration;
			buildSettings = {
				ALWAYS_SEARCH_USER_PATHS = NO;
				CLANG_ANALYZER_NONNULL = YES;
				CLANG_ANALYZER_NUMBER_OBJECT_CONVERSION = YES_AGGRESSIVE;
				CLANG_CXX_LANGUAGE_STANDARD = "gnu++0x";
				CLANG_CXX_LIBRARY = "libc++";
				CLANG_ENABLE_MODULES = YES;
				CLANG_ENABLE_OBJC_ARC = YES;
				CLANG_WARN_BOOL_CONVERSION = YES;
				CLANG_WARN_CONSTANT_CONVERSION = YES;
				CLANG_WARN_DIRECT_OBJC_ISA_USAGE = YES_ERROR;
				CLANG_WARN_DOCUMENTATION_COMMENTS = YES;
				CLANG_WARN_EMPTY_BODY = YES;
				CLANG_WARN_ENUM_CONVERSION = YES;
				CLANG_WARN_INFINITE_RECURSION = YES;
				CLANG_WARN_INT_CONVERSION = YES;
				CLANG_WARN_OBJC_ROOT_CLASS = YES_ERROR;
				CLANG_WARN_SUSPICIOUS_MOVE = YES;
				CLANG_WARN_UNREACHABLE_CODE = YES;
				CLANG_WARN__DUPLICATE_METHOD_MATCH = YES;
				"CODE_SIGN_IDENTITY[sdk=iphoneos*]" = "iPhone Developer";
				COPY_PHASE_STRIP = NO;
				DEBUG_INFORMATION_FORMAT = "dwarf-with-dsym";
				ENABLE_NS_ASSERTIONS = NO;
				ENABLE_STRICT_OBJC_MSGSEND = YES;
				GCC_C_LANGUAGE_STANDARD = gnu99;
				GCC_NO_COMMON_BLOCKS = YES;
				GCC_WARN_64_TO_32_BIT_CONVERSION = YES;
				GCC_WARN_ABOUT_RETURN_TYPE = YES_ERROR;
				GCC_WARN_UNDECLARED_SELECTOR = YES;
				GCC_WARN_UNINITIALIZED_AUTOS = YES_AGGRESSIVE;
				GCC_WARN_UNUSED_FUNCTION = YES;
				GCC_WARN_UNUSED_VARIABLE = YES;
				IPHONEOS_DEPLOYMENT_TARGET = 10.3;
				MTL_ENABLE_DEBUG_INFO = NO;
				SDKROOT = iphoneos;
				TARGETED_DEVICE_FAMILY = "1,2";
				VALIDATE_PRODUCT = YES;
			};
			name = Release;
		};
		FD24B03C1F945C3200D80480 /* Debug */ = {
			isa = XCBuildConfiguration;
			buildSettings = {
				ASSETCATALOG_COMPILER_APPICON_NAME = AppIcon;
				GCC_PREFIX_HEADER = "/Users/pro_cookie/Desktop/kdx/数据结构/设计模式/设计模式/PrefixHeader.pch";
				INFOPLIST_FILE = "设计模式/Info.plist";
				LD_RUNPATH_SEARCH_PATHS = "$(inherited) @executable_path/Frameworks";
				PRODUCT_BUNDLE_IDENTIFIER = "com.Company.----";
				PRODUCT_NAME = "$(TARGET_NAME)";
			};
			name = Debug;
		};
		FD24B03D1F945C3200D80480 /* Release */ = {
			isa = XCBuildConfiguration;
			buildSettings = {
				ASSETCATALOG_COMPILER_APPICON_NAME = AppIcon;
				GCC_PREFIX_HEADER = "/Users/pro_cookie/Desktop/kdx/数据结构/设计模式/设计模式/PrefixHeader.pch";
				INFOPLIST_FILE = "设计模式/Info.plist";
				LD_RUNPATH_SEARCH_PATHS = "$(inherited) @executable_path/Frameworks";
				PRODUCT_BUNDLE_IDENTIFIER = "com.Company.----";
				PRODUCT_NAME = "$(TARGET_NAME)";
			};
			name = Release;
		};
/* End XCBuildConfiguration section */

/* Begin XCConfigurationList section */
		FD24B01F1F945C3200D80480 /* Build configuration list for PBXProject "设计模式" */ = {
			isa = XCConfigurationList;
			buildConfigurations = (
				FD24B0391F945C3200D80480 /* Debug */,
				FD24B03A1F945C3200D80480 /* Release */,
			);
			defaultConfigurationIsVisible = 0;
			defaultConfigurationName = Release;
		};
		FD24B03B1F945C3200D80480 /* Build configuration list for PBXNativeTarget "设计模式" */ = {
			isa = XCConfigurationList;
			buildConfigurations = (
				FD24B03C1F945C3200D80480 /* Debug */,
				FD24B03D1F945C3200D80480 /* Release */,
			);
			defaultConfigurationIsVisible = 0;
			defaultConfigurationName = Release;
		};
/* End XCConfigurationList section */
	};
	rootObject = FD24B01C1F945C3200D80480 /* Project object */;
}
